
Microsoft Visual Studio Solution File, Format Version 12.00
# Visual Studio Version 16
VisualStudioVersion = 16.0.29613.14
MinimumVisualStudioVersion = 10.0.40219.1
Project("{FAE04EC0-301F-11D3-BF4B-00C04F79EFBC}") = "Calculate", "Calculate\Calculate.csproj", "{0CFAF8FC-6138-45C8-B8F2-DFDF7862B981}"
EndProject
Project("{FAE04EC0-301F-11D3-BF4B-00C04F79EFBC}") = "MathLibrary", "MathLibrary\MathLibrary.csproj", "{514F4826-3D6E-424F-BCB6-F0C0256C08CC}"
EndProject
Global
	GlobalSection(SolutionConfigurationPlatforms) = preSolution
		Debug|Any CPU = Debug|Any CPU
		Release|Any CPU = Release|Any CPU
	EndGlobalSection
	GlobalSection(ProjectConfigurationPlatforms) = postSolution
		{0CFAF8FC-6138-45C8-B8F2-DFDF7862B981}.Debug|Any CPU.ActiveCfg = Debug|Any CPU
		{0CFAF8FC-6138-45C8-B8F2-DFDF7862B981}.Debug|Any CPU.Build.0 = Debug|Any CPU
		{0CFAF8FC-6138-45C8-B8F2-DFDF7862B981}.Release|Any CPU.ActiveCfg = Release|Any CPU
		{0CFAF8FC-6138-45C8-B8F2-DFDF7862B981}.Release|Any CPU.Build.0 = Release|Any CPU
		{514F4826-3D6E-424F-BCB6-F0C0256C08CC}.Debug|Any CPU.ActiveCfg = Debug|Any CPU
		{514F4826-3D6E-424F-BCB6-F0C0256C08CC}.Debug|Any CPU.Build.0 = Debug|Any CPU
		{514F4826-3D6E-424F-BCB6-F0C0256C08CC}.Release|Any CPU.ActiveCfg = Release|Any CPU
		{514F4826-3D6E-424F-BCB6-F0C0256C08CC}.Release|Any CPU.Build.0 = Release|Any CPU
	EndGlobalSection
	GlobalSection(SolutionProperties) = preSolution
		HideSolutionNode = FALSE
	EndGlobalSection
	GlobalSection(ExtensibilityGlobals) = postSolution
		SolutionGuid = {CD89374A-319D-4D5E-B4E8-BABD692C3C15}
	EndGlobalSection
EndGlobal
